// !$*UTF8*$!
{
	archiveVersion = 1;
	classes = {
	};
	objectVersion = 77;
	objects = {

/* Begin PBXBuildFile section */
		3233F12E2FB0ABD20076794A /* JahezCentral in Frameworks */ = {isa = PBXBuildFile; productRef = 3233F12D2FB0ABD20076794A /* JahezCentral */; };
		3233F1302FB0ABD20076794A /* JahezData in Frameworks */ = {isa = PBXBuildFile; productRef = 3233F12F2FB0ABD20076794A /* JahezData */; };
		3233F1322FB0ABD20076794A /* JahezDomain in Frameworks */ = {isa = PBXBuildFile; productRef = 3233F1312FB0ABD20076794A /* JahezDomain */; };
		3233F1342FB0ABD20076794A /* JahezMovies in Frameworks */ = {isa = PBXBuildFile; productRef = 3233F1332FB0ABD20076794A /* JahezMovies */; };
/* End PBXBuildFile section */

/* Begin PBXContainerItemProxy section */
		32B074972FACBE7B00FFE724 /* PBXContainerItemProxy */ = {
			isa = PBXContainerItemProxy;
			containerPortal = 32B074812FACBE7900FFE724 /* Project object */;
			proxyType = 1;
			remoteGlobalIDString = 32B074882FACBE7900FFE724;
			remoteInfo = JahezTask;
		};
		32B074A12FACBE7B00FFE724 /* PBXContainerItemProxy */ = {
			isa = PBXContainerItemProxy;
			containerPortal = 32B074812FACBE7900FFE724 /* Project object */;
			proxyType = 1;
			remoteGlobalIDString = 32B074882FACBE7900FFE724;
			remoteInfo = JahezTask;
		};
/* End PBXContainerItemProxy section */

/* Begin PBXFileReference section */
		32B074892FACBE7900FFE724 /* JahezTask.app */ = {isa = PBXFileReference; explicitFileType = wrapper.application; includeInIndex = 0; path = JahezTask.app; sourceTree = BUILT_PRODUCTS_DIR; };
		32B074962FACBE7B00FFE724 /* JahezTaskTests.xctest */ = {isa = PBXFileReference; explicitFileType = wrapper.cfbundle; includeInIndex = 0; path = JahezTaskTests.xctest; sourceTree = BUILT_PRODUCTS_DIR; };
		32B074A02FACBE7B00FFE724 /* JahezTaskUITests.xctest */ = {isa = PBXFileReference; explicitFileType = wrapper.cfbundle; includeInIndex = 0; path = JahezTaskUITests.xctest; sourceTree = BUILT_PRODUCTS_DIR; };
/* End PBXFileReference section */

/* Begin PBXFileSystemSynchronizedRootGroup section */
		32B0748B2FACBE7900FFE724 /* JahezTask */ = {
			isa = PBXFileSystemSynchronizedRootGroup;
			path = JahezTask;
			sourceTree = "<group>";
		};
		32B074992FACBE7B00FFE724 /* JahezTaskTests */ = {
			isa = PBXFileSystemSynchronizedRootGroup;
			path = JahezTaskTests;
			sourceTree = "<group>";
		};
		32B074A32FACBE7B00FFE724 /* JahezTaskUITests */ = {
			isa = PBXFileSystemSynchronizedRootGroup;
			path = JahezTaskUITests;
			sourceTree = "<group>";
		};
/* End PBXFileSystemSynchronizedRootGroup section */

/* Begin PBXFrameworksBuildPhase section */
		32B074862FACBE7900FFE724 /* Frameworks */ = {
			isa = PBXFrameworksBuildPhase;
			buildActionMask = 2147483647;
			files = (
				3233F1342FB0ABD20076794A /* JahezMovies in Frameworks */,
				3233F1322FB0ABD20076794A /* JahezDomain in Frameworks */,
				3233F12E2FB0ABD20076794A /* JahezCentral in Frameworks */,
				3233F1302FB0ABD20076794A /* JahezData in Frameworks */,
			);
			runOnlyForDeploymentPostprocessing = 0;
		};
		32B074932FACBE7B00FFE724 /* Frameworks */ = {
			isa = PBXFrameworksBuildPhase;
			buildActionMask = 2147483647;
			files = (
			);
			runOnlyForDeploymentPostprocessing = 0;
		};
		32B0749D2FACBE7B00FFE724 /* Frameworks */ = {
			isa = PBXFrameworksBuildPhase;
			buildActionMask = 2147483647;
			files = (
			);
			runOnlyForDeploymentPostprocessing = 0;
		};
/* End PBXFrameworksBuildPhase section */

/* Begin PBXGroup section */
		32B074802FACBE7900FFE724 = {
			isa = PBXGroup;
			children = (
				32B0748B2FACBE7900FFE724 /* JahezTask */,
				32B074992FACBE7B00FFE724 /* JahezTaskTests */,
				32B074A32FACBE7B00FFE724 /* JahezTaskUITests */,
				32B0748A2FACBE7900FFE724 /* Products */,
			);
			sourceTree = "<group>";
		};
		32B0748A2FACBE7900FFE724 /* Products */ = {
			isa = PBXGroup;
			children = (
				32B074892FACBE7900FFE724 /* JahezTask.app */,
				32B074962FACBE7B00FFE724 /* JahezTaskTests.xctest */,
				32B074A02FACBE7B00FFE724 /* JahezTaskUITests.xctest */,
			);
			name = Products;
			sourceTree = "<group>";
		};
/* End PBXGroup section */

/* Begin PBXNativeTarget section */
		32B074882FACBE7900FFE724 /* JahezTask */ = {
			isa = PBXNativeTarget;
			buildConfigurationList = 32B074AA2FACBE7B00FFE724 /* Build configuration list for PBXNativeTarget "JahezTask" */;
			buildPhases = (
				32B074852FACBE7900FFE724 /* Sources */,
				32B074862FACBE7900FFE724 /* Frameworks */,
				32B074872FACBE7900FFE724 /* Resources */,
			);
			buildRules = (
			);
			dependencies = (
			);
			fileSystemSynchronizedGroups = (
				32B0748B2FACBE7900FFE724 /* JahezTask */,
			);
			name = JahezTask;
			packageProductDependencies = (
				3233F12D2FB0ABD20076794A /* JahezCentral */,
				3233F12F2FB0ABD20076794A /* JahezData */,
				3233F1312FB0ABD20076794A /* JahezDomain */,
				3233F1332FB0ABD20076794A /* JahezMovies */,
			);
			productName = JahezTask;
			productReference = 32B074892FACBE7900FFE724 /* JahezTask.app */;
			productType = "com.apple.product-type.application";
		};
		32B074952FACBE7B00FFE724 /* JahezTaskTests */ = {
			isa = PBXNativeTarget;
			buildConfigurationList = 32B074AD2FACBE7B00FFE724 /* Build configuration list for PBXNativeTarget "JahezTaskTests" */;
			buildPhases = (
				32B074922FACBE7B00FFE724 /* Sources */,
				32B074932FACBE7B00FFE724 /* Frameworks */,
				32B074942FACBE7B00FFE724 /* Resources */,
			);
			buildRules = (
			);
			dependencies = (
				32B074982FACBE7B00FFE724 /* PBXTargetDependency */,
			);
			fileSystemSynchronizedGroups = (
				32B074992FACBE7B00FFE724 /* JahezTaskTests */,
			);
			name = JahezTaskTests;
			packageProductDependencies = (
			);
			productName = JahezTaskTests;
			productReference = 32B074962FACBE7B00FFE724 /* JahezTaskTests.xctest */;
			productType = "com.apple.product-type.bundle.unit-test";
		};
		32B0749F2FACBE7B00FFE724 /* JahezTaskUITests */ = {
			isa = PBXNativeTarget;
			buildConfigurationList = 32B074B02FACBE7B00FFE724 /* Build configuration list for PBXNativeTarget "JahezTaskUITests" */;
			buildPhases = (
				32B0749C2FACBE7B00FFE724 /* Sources */,
				32B0749D2FACBE7B00FFE724 /* Frameworks */,
				32B0749E2FACBE7B00FFE724 /* Resources */,
			);
			buildRules = (
			);
			dependencies = (
				32B074A22FACBE7B00FFE724 /* PBXTargetDependency */,
			);
			fileSystemSynchronizedGroups = (
				32B074A32FACBE7B00FFE724 /* JahezTaskUITests */,
			);
			name = JahezTaskUITests;
			packageProductDependencies = (
			);
			productName = JahezTaskUITests;
			productReference = 32B074A02FACBE7B00FFE724 /* JahezTaskUITests.xctest */;
			productType = "com.apple.product-type.bundle.ui-testing";
		};
/* End PBXNativeTarget section */

/* Begin PBXProject section */
		32B074812FACBE7900FFE724 /* Project object */ = {
			isa = PBXProject;
			attributes = {
				BuildIndependentTargetsInParallel = 1;
				LastSwiftUpdateCheck = 2630;
				LastUpgradeCheck = 2630;
				TargetAttributes = {
					32B074882FACBE7900FFE724 = {
						CreatedOnToolsVersion = 26.3;
					};
					32B074952FACBE7B00FFE724 = {
						CreatedOnToolsVersion = 26.3;
						TestTargetID = 32B074882FACBE7900FFE724;
					};
					32B0749F2FACBE7B00FFE724 = {
						CreatedOnToolsVersion = 26.3;
						TestTargetID = 32B074882FACBE7900FFE724;
					};
				};
			};
			buildConfigurationList = 32B074842FACBE7900FFE724 /* Build configuration list for PBXProject "JahezTask" */;
			developmentRegion = en;
			hasScannedForEncodings = 0;
			knownRegions = (
				en,
				Base,
			);
			mainGroup = 32B074802FACBE7900FFE724;
			minimizedProjectReferenceProxies = 1;
			packageReferences = (
			);
			preferredProjectObjectVersion = 77;
			productRefGroup = 32B0748A2FACBE7900FFE724 /* Products */;
			projectDirPath = "";
			projectRoot = "";
			targets = (
				32B074882FACBE7900FFE724 /* JahezTask */,
				32B074952FACBE7B00FFE724 /* JahezTaskTests */,
				32B0749F2FACBE7B00FFE724 /* JahezTaskUITests */,
			);
		};
/* End PBXProject section */

/* Begin PBXResourcesBuildPhase section */
		32B074872FACBE7900FFE724 /* Resources */ = {
			isa = PBXResourcesBuildPhase;
			buildActionMask = 2147483647;
			files = (
			);
			runOnlyForDeploymentPostprocessing = 0;
		};
		32B074942FACBE7B00FFE724 /* Resources */ = {
			isa = PBXResourcesBuildPhase;
			buildActionMask = 2147483647;
			files = (
			);
			runOnlyForDeploymentPostprocessing = 0;
		};
		32B0749E2FACBE7B00FFE724 /* Resources */ = {
			isa = PBXResourcesBuildPhase;
			buildActionMask = 2147483647;
			files = (
			);
			runOnlyForDeploymentPostprocessing = 0;
		};
/* End PBXResourcesBuildPhase section */

/* Begin PBXSourcesBuildPhase section */
		32B074852FACBE7900FFE724 /* Sources */ = {
			isa = PBXSourcesBuildPhase;
			buildActionMask = 2147483647;
			files = (
			);
			runOnlyForDeploymentPostprocessing = 0;
		};
		32B074922FACBE7B00FFE724 /* Sources */ = {
			isa = PBXSourcesBuildPhase;
			buildActionMask = 2147483647;
			files = (
			);
			runOnlyForDeploymentPostprocessing = 0;
		};
		32B0749C2FACBE7B00FFE724 /* Sources */ = {
			isa = PBXSourcesBuildPhase;
			buildActionMask = 2147483647;
			files = (
			);
			runOnlyForDeploymentPostprocessing = 0;
		};
/* End PBXSourcesBuildPhase section */

/* Begin PBXTargetDependency section */
		32B074982FACBE7B00FFE724 /* PBXTargetDependency */ = {
			isa = PBXTargetDependency;
			target = 32B074882FACBE7900FFE724 /* JahezTask */;
			targetProxy = 32B074972FACBE7B00FFE724 /* PBXContainerItemProxy */;
		};
		32B074A22FACBE7B00FFE724 /* PBXTargetDependency */ = {
			isa = PBXTargetDependency;
			target = 32B074882FACBE7900FFE724 /* JahezTask */;
			targetProxy = 32B074A12FACBE7B00FFE724 /* PBXContainerItemProxy */;
		};
/* End PBXTargetDependency section */

/* Begin XCBuildConfiguration section */
		32B074A82FACBE7B00FFE724 /* Debug */ = {
			isa = XCBuildConfiguration;
			buildSettings = {
				ALWAYS_SEARCH_USER_PATHS = NO;
				ASSETCATALOG_COMPILER_GENERATE_SWIFT_ASSET_SYMBOL_EXTENSIONS = YES;
				CLANG_ANALYZER_NONNULL = YES;
				CLANG_ANALYZER_NUMBER_OBJECT_CONVERSION = YES_AGGRESSIVE;
				CLANG_CXX_LANGUAGE_STANDARD = "gnu++20";
				CLANG_ENABLE_MODULES = YES;
				CLANG_ENABLE_OBJC_ARC = YES;
				CLANG_ENABLE_OBJC_WEAK = YES;
				CLANG_WARN_BLOCK_CAPTURE_AUTORELEASING = YES;
				CLANG_WARN_BOOL_CONVERSION = YES;
				CLANG_WARN_COMMA = YES;
				CLANG_WARN_CONSTANT_CONVERSION = YES;
				CLANG_WARN_DEPRECATED_OBJC_IMPLEMENTATIONS = YES;
				CLANG_WARN_DIRECT_OBJC_ISA_USAGE = YES_ERROR;
				CLANG_WARN_DOCUMENTATION_COMMENTS = YES;
				CLANG_WARN_EMPTY_BODY = YES;
				CLANG_WARN_ENUM_CONVERSION = YES;
				CLANG_WARN_INFINITE_RECURSION = YES;
				CLANG_WARN_INT_CONVERSION = YES;
				CLANG_WARN_NON_LITERAL_NULL_CONVERSION = YES;
				CLANG_WARN_OBJC_IMPLICIT_RETAIN_SELF = YES;
				CLANG_WARN_OBJC_LITERAL_CONVERSION = YES;
				CLANG_WARN_OBJC_ROOT_CLASS = YES_ERROR;
				CLANG_WARN_QUOTED_INCLUDE_IN_FRAMEWORK_HEADER = YES;
				CLANG_WARN_RANGE_LOOP_ANALYSIS = YES;
				CLANG_WARN_STRICT_PROTOTYPES = YES;
				CLANG_WARN_SUSPICIOUS_MOVE = YES;
				CLANG_WARN_UNGUARDED_AVAILABILITY = YES_AGGRESSIVE;
				CLANG_WARN_UNREACHABLE_CODE = YES;
				CLANG_WARN__DUPLICATE_METHOD_MATCH = YES;
				COPY_PHASE_STRIP = NO;
				DEBUG_INFORMATION_FORMAT = dwarf;
				DEVELOPMENT_TEAM = MLXYZ7TJ5Q;
				ENABLE_STRICT_OBJC_MSGSEND = YES;
				ENABLE_TESTABILITY = YES;
				ENABLE_USER_SCRIPT_SANDBOXING = YES;
				GCC_C_LANGUAGE_STANDARD = gnu17;
				GCC_DYNAMIC_NO_PIC = NO;
				GCC_NO_COMMON_BLOCKS = YES;
				GCC_OPTIMIZATION_LEVEL = 0;
				GCC_PREPROCESSOR_DEFINITIONS = (
					"DEBUG=1",
					"$(inherited)",
				);
				GCC_WARN_64_TO_32_BIT_CONVERSION = YES;
				GCC_WARN_ABOUT_RETURN_TYPE = YES_ERROR;
				GCC_WARN_UNDECLARED_SELECTOR = YES;
				GCC_WARN_UNINITIALIZED_AUTOS = YES_AGGRESSIVE;
				GCC_WARN_UNUSED_FUNCTION = YES;
				GCC_WARN_UNUSED_VARIABLE = YES;
				IPHONEOS_DEPLOYMENT_TARGET = 26.2;
				LOCALIZATION_PREFERS_STRING_CATALOGS = YES;
				MTL_ENABLE_DEBUG_INFO = INCLUDE_SOURCE;
				MTL_FAST_MATH = YES;
				ONLY_ACTIVE_ARCH = YES;
				SDKROOT = iphoneos;
				SWIFT_ACTIVE_COMPILATION_CONDITIONS = "DEBUG $(inherited)";
				SWIFT_OPTIMIZATION_LEVEL = "-Onone";
			};
			name = Debug;
		};
		32B074A92FACBE7B00FFE724 /* Release */ = {
			isa = XCBuildConfiguration;
			buildSettings = {
				ALWAYS_SEARCH_USER_PATHS = NO;
				ASSETCATALOG_COMPILER_GENERATE_SWIFT_ASSET_SYMBOL_EXTENSIONS = YES;
				CLANG_ANALYZER_NONNULL = YES;
				CLANG_ANALYZER_NUMBER_OBJECT_CONVERSION = YES_AGGRESSIVE;
				CLANG_CXX_LANGUAGE_STANDARD = "gnu++20";
				CLANG_ENABLE_MODULES = YES;
				CLANG_ENABLE_OBJC_ARC = YES;
				CLANG_ENABLE_OBJC_WEAK = YES;
				CLANG_WARN_BLOCK_CAPTURE_AUTORELEASING = YES;
				CLANG_WARN_BOOL_CONVERSION = YES;
				CLANG_WARN_COMMA = YES;
				CLANG_WARN_CONSTANT_CONVERSION = YES;
				CLANG_WARN_DEPRECATED_OBJC_IMPLEMENTATIONS = YES;
				CLANG_WARN_DIRECT_OBJC_ISA_USAGE = YES_ERROR;
				CLANG_WARN_DOCUMENTATION_COMMENTS = YES;
				CLANG_WARN_EMPTY_BODY = YES;
				CLANG_WARN_ENUM_CONVERSION = YES;
				CLANG_WARN_INFINITE_RECURSION = YES;
				CLANG_WARN_INT_CONVERSION = YES;
				CLANG_WARN_NON_LITERAL_NULL_CONVERSION = YES;
				CLANG_WARN_OBJC_IMPLICIT_RETAIN_SELF = YES;
				CLANG_WARN_OBJC_LITERAL_CONVERSION = YES;
				CLANG_WARN_OBJC_ROOT_CLASS = YES_ERROR;
				CLANG_WARN_QUOTED_INCLUDE_IN_FRAMEWORK_HEADER = YES;
				CLANG_WARN_RANGE_LOOP_ANALYSIS = YES;
				CLANG_WARN_STRICT_PROTOTYPES = YES;
				CLANG_WARN_SUSPICIOUS_MOVE = YES;
				CLANG_WARN_UNGUARDED_AVAILABILITY = YES_AGGRESSIVE;
				CLANG_WARN_UNREACHABLE_CODE = YES;
				CLANG_WARN__DUPLICATE_METHOD_MATCH = YES;
				COPY_PHASE_STRIP = NO;
				DEBUG_INFORMATION_FORMAT = "dwarf-with-dsym";
				DEVELOPMENT_TEAM = MLXYZ7TJ5Q;
				ENABLE_NS_ASSERTIONS = NO;
				ENABLE_STRICT_OBJC_MSGSEND = YES;
				ENABLE_USER_SCRIPT_SANDBOXING = YES;
				GCC_C_LANGUAGE_STANDARD = gnu17;
				GCC_NO_COMMON_BLOCKS = YES;
				GCC_WARN_64_TO_32_BIT_CONVERSION = YES;
				GCC_WARN_ABOUT_RETURN_TYPE = YES_ERROR;
				GCC_WARN_UNDECLARED_SELECTOR = YES;
				GCC_WARN_UNINITIALIZED_AUTOS = YES_AGGRESSIVE;
				GCC_WARN_UNUSED_FUNCTION = YES;
				GCC_WARN_UNUSED_VARIABLE = YES;
				IPHONEOS_DEPLOYMENT_TARGET = 26.2;
				LOCALIZATION_PREFERS_STRING_CATALOGS = YES;
				MTL_ENABLE_DEBUG_INFO = NO;
				MTL_FAST_MATH = YES;
				SDKROOT = iphoneos;
				SWIFT_COMPILATION_MODE = wholemodule;
				VALIDATE_PRODUCT = YES;
			};
			name = Release;
		};
		32B074AB2FACBE7B00FFE724 /* Debug */ = {
			isa = XCBuildConfiguration;
			buildSettings = {
				ASSETCATALOG_COMPILER_APPICON_NAME = AppIcon;
				ASSETCATALOG_COMPILER_GLOBAL_ACCENT_COLOR_NAME = AccentColor;
				CODE_SIGN_STYLE = Automatic;
				CURRENT_PROJECT_VERSION = 1;
				DEVELOPMENT_TEAM = MLXYZ7TJ5Q;
				ENABLE_PREVIEWS = YES;
				GENERATE_INFOPLIST_FILE = YES;
				INFOPLIST_FILE = JahezTask/info.plist;
				INFOPLIST_KEY_UIApplicationSceneManifest_Generation = YES;
				INFOPLIST_KEY_UIApplicationSupportsIndirectInputEvents = YES;
				INFOPLIST_KEY_UILaunchScreen_Generation = YES;
				INFOPLIST_KEY_UISupportedInterfaceOrientations_iPad = "UIInterfaceOrientationPortrait UIInterfaceOrientationPortraitUpsideDown UIInterfaceOrientationLandscapeLeft UIInterfaceOrientationLandscapeRight";
				INFOPLIST_KEY_UISupportedInterfaceOrientations_iPhone = "UIInterfaceOrientationPortrait UIInterfaceOrientationLandscapeLeft UIInterfaceOrientationLandscapeRight";
				LD_RUNPATH_SEARCH_PATHS = (
					"$(inherited)",
					"@executable_path/Frameworks",
				);
				MARKETING_VERSION = 1.0;
				PRODUCT_BUNDLE_IDENTIFIER = "come-zyad.JahezTask";
				PRODUCT_NAME = "$(TARGET_NAME)";
				STRING_CATALOG_GENERATE_SYMBOLS = YES;
				SUPPORTED_PLATFORMS = "iphoneos iphonesimulator";
				SUPPORTS_MACCATALYST = NO;
				SUPPORTS_MAC_DESIGNED_FOR_IPHONE_IPAD = NO;
				SUPPORTS_XR_DESIGNED_FOR_IPHONE_IPAD = NO;
				SWIFT_APPROACHABLE_CONCURRENCY = YES;
				SWIFT_DEFAULT_ACTOR_ISOLATION = MainActor;
				SWIFT_EMIT_LOC_STRINGS = YES;
				SWIFT_UPCOMING_FEATURE_MEMBER_IMPORT_VISIBILITY = YES;
				SWIFT_VERSION = 5.0;
				TARGETED_DEVICE_FAMILY = "1,2";
			};
			name = Debug;
		};
		32B074AC2FACBE7B00FFE724 /* Release */ = {
			isa = XCBuildConfiguration;
			buildSettings = {
				ASSETCATALOG_COMPILER_APPICON_NAME = AppIcon;
				ASSETCATALOG_COMPILER_GLOBAL_ACCENT_COLOR_NAME = AccentColor;
				CODE_SIGN_STYLE = Automatic;
				CURRENT_PROJECT_VERSION = 1;
				DEVELOPMENT_TEAM = MLXYZ7TJ5Q;
				ENABLE_PREVIEWS = YES;
				GENERATE_INFOPLIST_FILE = YES;
				INFOPLIST_FILE = JahezTask/info.plist;
				INFOPLIST_KEY_UIApplicationSceneManifest_Generation = YES;
				INFOPLIST_KEY_UIApplicationSupportsIndirectInputEvents = YES;
				INFOPLIST_KEY_UILaunchScreen_Generation = YES;
				INFOPLIST_KEY_UISupportedInterfaceOrientations_iPad = "UIInterfaceOrientationPortrait UIInterfaceOrientationPortraitUpsideDown UIInterfaceOrientationLandscapeLeft UIInterfaceOrientationLandscapeRight";
				INFOPLIST_KEY_UISupportedInterfaceOrientations_iPhone = "UIInterfaceOrientationPortrait UIInterfaceOrientationLandscapeLeft UIInterfaceOrientationLandscapeRight";
				LD_RUNPATH_SEARCH_PATHS = (
					"$(inherited)",
					"@executable_path/Frameworks",
				);
				MARKETING_VERSION = 1.0;
				PRODUCT_BUNDLE_IDENTIFIER = "come-zyad.JahezTask";
				PRODUCT_NAME = "$(TARGET_NAME)";
				STRING_CATALOG_GENERATE_SYMBOLS = YES;
				SUPPORTED_PLATFORMS = "iphoneos iphonesimulator";
				SUPPORTS_MACCATALYST = NO;
				SUPPORTS_MAC_DESIGNED_FOR_IPHONE_IPAD = NO;
				SUPPORTS_XR_DESIGNED_FOR_IPHONE_IPAD = NO;
				SWIFT_APPROACHABLE_CONCURRENCY = YES;
				SWIFT_DEFAULT_ACTOR_ISOLATION = MainActor;
				SWIFT_EMIT_LOC_STRINGS = YES;
				SWIFT_UPCOMING_FEATURE_MEMBER_IMPORT_VISIBILITY = YES;
				SWIFT_VERSION = 5.0;
				TARGETED_DEVICE_FAMILY = "1,2";
			};
			name = Release;
		};
		32B074AE2FACBE7B00FFE724 /* Debug */ = {
			isa = XCBuildConfiguration;
			buildSettings = {
				BUNDLE_LOADER = "$(TEST_HOST)";
				CODE_SIGN_STYLE = Automatic;
				CURRENT_PROJECT_VERSION = 1;
				DEVELOPMENT_TEAM = MLXYZ7TJ5Q;
				GENERATE_INFOPLIST_FILE = YES;
				IPHONEOS_DEPLOYMENT_TARGET = 26.2;
				MARKETING_VERSION = 1.0;
				PRODUCT_BUNDLE_IDENTIFIER = "come-zyad.JahezTaskTests";
				PRODUCT_NAME = "$(TARGET_NAME)";
				STRING_CATALOG_GENERATE_SYMBOLS = NO;
				SWIFT_APPROACHABLE_CONCURRENCY = YES;
				SWIFT_EMIT_LOC_STRINGS = NO;
				SWIFT_UPCOMING_FEATURE_MEMBER_IMPORT_VISIBILITY = YES;
				SWIFT_VERSION = 5.0;
				TARGETED_DEVICE_FAMILY = "1,2";
				TEST_HOST = "$(BUILT_PRODUCTS_DIR)/JahezTask.app/$(BUNDLE_EXECUTABLE_FOLDER_PATH)/JahezTask";
			};
			name = Debug;
		};
		32B074AF2FACBE7B00FFE724 /* Release */ = {
			isa = XCBuildConfiguration;
			buildSettings = {
				BUNDLE_LOADER = "$(TEST_HOST)";
				CODE_SIGN_STYLE = Automatic;
				CURRENT_PROJECT_VERSION = 1;
				DEVELOPMENT_TEAM = MLXYZ7TJ5Q;
				GENERATE_INFOPLIST_FILE = YES;
				IPHONEOS_DEPLOYMENT_TARGET = 26.2;
				MARKETING_VERSION = 1.0;
				PRODUCT_BUNDLE_IDENTIFIER = "come-zyad.JahezTaskTests";
				PRODUCT_NAME = "$(TARGET_NAME)";
				STRING_CATALOG_GENERATE_SYMBOLS = NO;
				SWIFT_APPROACHABLE_CONCURRENCY = YES;
				SWIFT_EMIT_LOC_STRINGS = NO;
				SWIFT_UPCOMING_FEATURE_MEMBER_IMPORT_VISIBILITY = YES;
				SWIFT_VERSION = 5.0;
				TARGETED_DEVICE_FAMILY = "1,2";
				TEST_HOST = "$(BUILT_PRODUCTS_DIR)/JahezTask.app/$(BUNDLE_EXECUTABLE_FOLDER_PATH)/JahezTask";
			};
			name = Release;
		};
		32B074B12FACBE7B00FFE724 /* Debug */ = {
			isa = XCBuildConfiguration;
			buildSettings = {
				CODE_SIGN_STYLE = Automatic;
				CURRENT_PROJECT_VERSION = 1;
				DEVELOPMENT_TEAM = MLXYZ7TJ5Q;
				GENERATE_INFOPLIST_FILE = YES;
				MARKETING_VERSION = 1.0;
				PRODUCT_BUNDLE_IDENTIFIER = "come-zyad.JahezTaskUITests";
				PRODUCT_NAME = "$(TARGET_NAME)";
				STRING_CATALOG_GENERATE_SYMBOLS = NO;
				SWIFT_APPROACHABLE_CONCURRENCY = YES;
				SWIFT_EMIT_LOC_STRINGS = NO;
				SWIFT_UPCOMING_FEATURE_MEMBER_IMPORT_VISIBILITY = YES;
				SWIFT_VERSION = 5.0;
				TARGETED_DEVICE_FAMILY = "1,2";
				TEST_TARGET_NAME = JahezTask;
			};
			name = Debug;
		};
		32B074B22FACBE7B00FFE724 /* Release */ = {
			isa = XCBuildConfiguration;
			buildSettings = {
				CODE_SIGN_STYLE = Automatic;
				CURRENT_PROJECT_VERSION = 1;
				DEVELOPMENT_TEAM = MLXYZ7TJ5Q;
				GENERATE_INFOPLIST_FILE = YES;
				MARKETING_VERSION = 1.0;
				PRODUCT_BUNDLE_IDENTIFIER = "come-zyad.JahezTaskUITests";
				PRODUCT_NAME = "$(TARGET_NAME)";
				STRING_CATALOG_GENERATE_SYMBOLS = NO;
				SWIFT_APPROACHABLE_CONCURRENCY = YES;
				SWIFT_EMIT_LOC_STRINGS = NO;
				SWIFT_UPCOMING_FEATURE_MEMBER_IMPORT_VISIBILITY = YES;
				SWIFT_VERSION = 5.0;
				TARGETED_DEVICE_FAMILY = "1,2";
				TEST_TARGET_NAME = JahezTask;
			};
			name = Release;
		};
/* End XCBuildConfiguration section */

/* Begin XCConfigurationList section */
		32B074842FACBE7900FFE724 /* Build configuration list for PBXProject "JahezTask" */ = {
			isa = XCConfigurationList;
			buildConfigurations = (
				32B074A82FACBE7B00FFE724 /* Debug */,
				32B074A92FACBE7B00FFE724 /* Release */,
			);
			defaultConfigurationIsVisible = 0;
			defaultConfigurationName = Release;
		};
		32B074AA2FACBE7B00FFE724 /* Build configuration list for PBXNativeTarget "JahezTask" */ = {
			isa = XCConfigurationList;
			buildConfigurations = (
				32B074AB2FACBE7B00FFE724 /* Debug */,
				32B074AC2FACBE7B00FFE724 /* Release */,
			);
			defaultConfigurationIsVisible = 0;
			defaultConfigurationName = Release;
		};
		32B074AD2FACBE7B00FFE724 /* Build configuration list for PBXNativeTarget "JahezTaskTests" */ = {
			isa = XCConfigurationList;
			buildConfigurations = (
				32B074AE2FACBE7B00FFE724 /* Debug */,
				32B074AF2FACBE7B00FFE724 /* Release */,
			);
			defaultConfigurationIsVisible = 0;
			defaultConfigurationName = Release;
		};
		32B074B02FACBE7B00FFE724 /* Build configuration list for PBXNativeTarget "JahezTaskUITests" */ = {
			isa = XCConfigurationList;
			buildConfigurations = (
				32B074B12FACBE7B00FFE724 /* Debug */,
				32B074B22FACBE7B00FFE724 /* Release */,
			);
			defaultConfigurationIsVisible = 0;
			defaultConfigurationName = Release;
		};
/* End XCConfigurationList section */

/* Begin XCSwiftPackageProductDependency section */
		3233F12D2FB0ABD20076794A /* JahezCentral */ = {
			isa = XCSwiftPackageProductDependency;
			productName = JahezCentral;
		};
		3233F12F2FB0ABD20076794A /* JahezData */ = {
			isa = XCSwiftPackageProductDependency;
			productName = JahezData;
		};
		3233F1312FB0ABD20076794A /* JahezDomain */ = {
			isa = XCSwiftPackageProductDependency;
			productName = JahezDomain;
		};
		3233F1332FB0ABD20076794A /* JahezMovies */ = {
			isa = XCSwiftPackageProductDependency;
			productName = JahezMovies;
		};
/* End XCSwiftPackageProductDependency section */
	};
	rootObject = 32B074812FACBE7900FFE724 /* Project object */;
}
